
Microsoft Visual Studio Solution File, Format Version 12.00
# Visual Studio Version 17
VisualStudioVersion = 17.5.002.0
MinimumVisualStudioVersion = 10.0.40219.1
Project("{2150E333-8FDC-42A3-9474-1A3956D46DE8}") = "Program4", "Program4", "{C5F35656-8328-47EB-ABA0-2926093360D1}"
EndProject
Project("{9A19103F-16F7-4668-BE54-9A1E7A4F7556}") = "testproject", "Program4\testproject\testproject.csproj", "{E067237A-0AAF-4327-882B-45F08246C2AF}"
EndProject
Global
	GlobalSection(SolutionConfigurationPlatforms) = preSolution
		Debug|Any CPU = Debug|Any CPU
		Release|Any CPU = Release|Any CPU
	EndGlobalSection
	GlobalSection(ProjectConfigurationPlatforms) = postSolution
		{E067237A-0AAF-4327-882B-45F08246C2AF}.Debug|Any CPU.ActiveCfg = Debug|Any CPU
		{E067237A-0AAF-4327-882B-45F08246C2AF}.Debug|Any CPU.Build.0 = Debug|Any CPU
		{E067237A-0AAF-4327-882B-45F08246C2AF}.Release|Any CPU.ActiveCfg = Release|Any CPU
		{E067237A-0AAF-4327-882B-45F08246C2AF}.Release|Any CPU.Build.0 = Release|Any CPU
	EndGlobalSection
	GlobalSection(SolutionProperties) = preSolution
		HideSolutionNode = FALSE
	EndGlobalSection
	GlobalSection(NestedProjects) = preSolution
		{E067237A-0AAF-4327-882B-45F08246C2AF} = {C5F35656-8328-47EB-ABA0-2926093360D1}
	EndGlobalSection
	GlobalSection(ExtensibilityGlobals) = postSolution
		SolutionGuid = {D7747599-2706-49C9-A051-9ABA08FC6C5B}
	EndGlobalSection
EndGlobal
