
Microsoft Visual Studio Solution File, Format Version 12.00
# Visual Studio Version 17
VisualStudioVersion = 17.5.002.0
MinimumVisualStudioVersion = 10.0.40219.1
Project("{2150E333-8FDC-42A3-9474-1A3956D46DE8}") = "Program", "Program", "{A4F900F0-B46D-4990-ABFE-E0397D1FB489}"
EndProject
Project("{9A19103F-16F7-4668-BE54-9A1E7A4F7556}") = "testproj", "Program\testproj\testproj.csproj", "{2D235C27-D8AF-46A5-882F-70BC884FE072}"
EndProject
Global
	GlobalSection(SolutionConfigurationPlatforms) = preSolution
		Debug|Any CPU = Debug|Any CPU
		Release|Any CPU = Release|Any CPU
	EndGlobalSection
	GlobalSection(ProjectConfigurationPlatforms) = postSolution
		{2D235C27-D8AF-46A5-882F-70BC884FE072}.Debug|Any CPU.ActiveCfg = Debug|Any CPU
		{2D235C27-D8AF-46A5-882F-70BC884FE072}.Debug|Any CPU.Build.0 = Debug|Any CPU
		{2D235C27-D8AF-46A5-882F-70BC884FE072}.Release|Any CPU.ActiveCfg = Release|Any CPU
		{2D235C27-D8AF-46A5-882F-70BC884FE072}.Release|Any CPU.Build.0 = Release|Any CPU
	EndGlobalSection
	GlobalSection(SolutionProperties) = preSolution
		HideSolutionNode = FALSE
	EndGlobalSection
	GlobalSection(NestedProjects) = preSolution
		{2D235C27-D8AF-46A5-882F-70BC884FE072} = {A4F900F0-B46D-4990-ABFE-E0397D1FB489}
	EndGlobalSection
	GlobalSection(ExtensibilityGlobals) = postSolution
		SolutionGuid = {D84A66B6-8938-4181-9DD1-B638B15FF80C}
	EndGlobalSection
EndGlobal
