
Microsoft Visual Studio Solution File, Format Version 12.00
# Visual Studio Version 17
VisualStudioVersion = 17.5.002.0
MinimumVisualStudioVersion = 10.0.40219.1
Project("{2150E333-8FDC-42A3-9474-1A3956D46DE8}") = "Program3", "Program3", "{2AC4B162-9F79-4875-A37C-4FB68C648B06}"
EndProject
Project("{9A19103F-16F7-4668-BE54-9A1E7A4F7556}") = "TestProject", "Program3\TestProject\TestProject.csproj", "{51B3DB8B-7256-4071-BE84-0800D7696EB8}"
EndProject
Global
	GlobalSection(SolutionConfigurationPlatforms) = preSolution
		Debug|Any CPU = Debug|Any CPU
		Release|Any CPU = Release|Any CPU
	EndGlobalSection
	GlobalSection(ProjectConfigurationPlatforms) = postSolution
		{51B3DB8B-7256-4071-BE84-0800D7696EB8}.Debug|Any CPU.ActiveCfg = Debug|Any CPU
		{51B3DB8B-7256-4071-BE84-0800D7696EB8}.Debug|Any CPU.Build.0 = Debug|Any CPU
		{51B3DB8B-7256-4071-BE84-0800D7696EB8}.Release|Any CPU.ActiveCfg = Release|Any CPU
		{51B3DB8B-7256-4071-BE84-0800D7696EB8}.Release|Any CPU.Build.0 = Release|Any CPU
	EndGlobalSection
	GlobalSection(SolutionProperties) = preSolution
		HideSolutionNode = FALSE
	EndGlobalSection
	GlobalSection(NestedProjects) = preSolution
		{51B3DB8B-7256-4071-BE84-0800D7696EB8} = {2AC4B162-9F79-4875-A37C-4FB68C648B06}
	EndGlobalSection
	GlobalSection(ExtensibilityGlobals) = postSolution
		SolutionGuid = {F13400C2-77E0-4349-BAD9-C333F323A845}
	EndGlobalSection
EndGlobal
