
Microsoft Visual Studio Solution File, Format Version 12.00
# Visual Studio Version 17
VisualStudioVersion = 17.5.002.0
MinimumVisualStudioVersion = 10.0.40219.1
Project("{2150E333-8FDC-42A3-9474-1A3956D46DE8}") = "Program", "Program", "{9C46BCCD-1F59-45D9-9455-BF6551AE9D31}"
EndProject
Project("{9A19103F-16F7-4668-BE54-9A1E7A4F7556}") = "testproj", "Program\testproj\testproj.csproj", "{D65F67E5-8FC8-47C9-81FD-E3D1355D5D4F}"
EndProject
Global
	GlobalSection(SolutionConfigurationPlatforms) = preSolution
		Debug|Any CPU = Debug|Any CPU
		Release|Any CPU = Release|Any CPU
	EndGlobalSection
	GlobalSection(ProjectConfigurationPlatforms) = postSolution
		{D65F67E5-8FC8-47C9-81FD-E3D1355D5D4F}.Debug|Any CPU.ActiveCfg = Debug|Any CPU
		{D65F67E5-8FC8-47C9-81FD-E3D1355D5D4F}.Debug|Any CPU.Build.0 = Debug|Any CPU
		{D65F67E5-8FC8-47C9-81FD-E3D1355D5D4F}.Release|Any CPU.ActiveCfg = Release|Any CPU
		{D65F67E5-8FC8-47C9-81FD-E3D1355D5D4F}.Release|Any CPU.Build.0 = Release|Any CPU
	EndGlobalSection
	GlobalSection(SolutionProperties) = preSolution
		HideSolutionNode = FALSE
	EndGlobalSection
	GlobalSection(NestedProjects) = preSolution
		{D65F67E5-8FC8-47C9-81FD-E3D1355D5D4F} = {9C46BCCD-1F59-45D9-9455-BF6551AE9D31}
	EndGlobalSection
	GlobalSection(ExtensibilityGlobals) = postSolution
		SolutionGuid = {81596FC0-60E1-450D-A038-4E281895D141}
	EndGlobalSection
EndGlobal
