
Microsoft Visual Studio Solution File, Format Version 12.00
# Visual Studio Version 17
VisualStudioVersion = 17.5.002.0
MinimumVisualStudioVersion = 10.0.40219.1
Project("{2150E333-8FDC-42A3-9474-1A3956D46DE8}") = "Program", "Program", "{2A8EAF48-22A1-414F-B72C-BD78F91D15DF}"
EndProject
Project("{9A19103F-16F7-4668-BE54-9A1E7A4F7556}") = "testproj", "Program\testproj\testproj.csproj", "{BC5EEFC0-6071-4EDB-9377-2C65CA2A534B}"
EndProject
Global
	GlobalSection(SolutionConfigurationPlatforms) = preSolution
		Debug|Any CPU = Debug|Any CPU
		Release|Any CPU = Release|Any CPU
	EndGlobalSection
	GlobalSection(ProjectConfigurationPlatforms) = postSolution
		{BC5EEFC0-6071-4EDB-9377-2C65CA2A534B}.Debug|Any CPU.ActiveCfg = Debug|Any CPU
		{BC5EEFC0-6071-4EDB-9377-2C65CA2A534B}.Debug|Any CPU.Build.0 = Debug|Any CPU
		{BC5EEFC0-6071-4EDB-9377-2C65CA2A534B}.Release|Any CPU.ActiveCfg = Release|Any CPU
		{BC5EEFC0-6071-4EDB-9377-2C65CA2A534B}.Release|Any CPU.Build.0 = Release|Any CPU
	EndGlobalSection
	GlobalSection(SolutionProperties) = preSolution
		HideSolutionNode = FALSE
	EndGlobalSection
	GlobalSection(NestedProjects) = preSolution
		{BC5EEFC0-6071-4EDB-9377-2C65CA2A534B} = {2A8EAF48-22A1-414F-B72C-BD78F91D15DF}
	EndGlobalSection
	GlobalSection(ExtensibilityGlobals) = postSolution
		SolutionGuid = {3EF58644-1F85-4B98-9916-C1A0717817C0}
	EndGlobalSection
EndGlobal
