
Microsoft Visual Studio Solution File, Format Version 12.00
# Visual Studio Version 17
VisualStudioVersion = 17.5.002.0
MinimumVisualStudioVersion = 10.0.40219.1
Project("{2150E333-8FDC-42A3-9474-1A3956D46DE8}") = "Program", "Program", "{0DC90849-476A-48F0-AB03-EA215BAD7C90}"
EndProject
Project("{9A19103F-16F7-4668-BE54-9A1E7A4F7556}") = "testproj", "Program\testproj\testproj.csproj", "{1D69AD8A-1EF8-46AD-944C-DB823360BD7F}"
EndProject
Global
	GlobalSection(SolutionConfigurationPlatforms) = preSolution
		Debug|Any CPU = Debug|Any CPU
		Release|Any CPU = Release|Any CPU
	EndGlobalSection
	GlobalSection(ProjectConfigurationPlatforms) = postSolution
		{1D69AD8A-1EF8-46AD-944C-DB823360BD7F}.Debug|Any CPU.ActiveCfg = Debug|Any CPU
		{1D69AD8A-1EF8-46AD-944C-DB823360BD7F}.Debug|Any CPU.Build.0 = Debug|Any CPU
		{1D69AD8A-1EF8-46AD-944C-DB823360BD7F}.Release|Any CPU.ActiveCfg = Release|Any CPU
		{1D69AD8A-1EF8-46AD-944C-DB823360BD7F}.Release|Any CPU.Build.0 = Release|Any CPU
	EndGlobalSection
	GlobalSection(SolutionProperties) = preSolution
		HideSolutionNode = FALSE
	EndGlobalSection
	GlobalSection(NestedProjects) = preSolution
		{1D69AD8A-1EF8-46AD-944C-DB823360BD7F} = {0DC90849-476A-48F0-AB03-EA215BAD7C90}
	EndGlobalSection
	GlobalSection(ExtensibilityGlobals) = postSolution
		SolutionGuid = {ED3CBCD7-C06B-46FC-9090-D77774C7D183}
	EndGlobalSection
EndGlobal
